{
  "name": "@llamagen/cli",
  "version": "0.1.0-beta.1",
  "lockfileVersion": 3,
  "requires": true,
  "packages": {
    "": {
      "name": "@llamagen/cli",
      "version": "0.1.0-beta.1",
      "license": "MIT",
      "bin": {
        "llamagen": "bin/llamagen.js"
      },
      "engines": {
        "node": ">=18"
      }
    }
  }
}
